
Microsoft Visual Studio Solution File, Format Version 12.00
# Visual Studio 2012
Project("{FAE04EC0-301F-11D3-BF4B-00C04F79EFBC}") = "lab1_deliv1", "lab1_deliv1\lab1_deliv1.csproj", "{A778CF4F-D784-460F-8C6C-25B0D45FE719}"
EndProject
Global
	GlobalSection(SolutionConfigurationPlatforms) = preSolution
		Debug|x86 = Debug|x86
		Release|x86 = Release|x86
	EndGlobalSection
	GlobalSection(ProjectConfigurationPlatforms) = postSolution
		{A778CF4F-D784-460F-8C6C-25B0D45FE719}.Debug|x86.ActiveCfg = Debug|x86
		{A778CF4F-D784-460F-8C6C-25B0D45FE719}.Debug|x86.Build.0 = Debug|x86
		{A778CF4F-D784-460F-8C6C-25B0D45FE719}.Release|x86.ActiveCfg = Release|x86
		{A778CF4F-D784-460F-8C6C-25B0D45FE719}.Release|x86.Build.0 = Release|x86
	EndGlobalSection
EndGlobal
